// !$*UTF8*$!
{
	archiveVersion = 1;
	classes = {
	};
	objectVersion = 55;
	objects = {

/* Begin PBXBuildFile section */
		D9076D30283492A2004DB46C /* AboutUsView.swift in Sources */ = {isa = PBXBuildFile; fileRef = D9076D2F283492A2004DB46C /* AboutUsView.swift */; };
		D9076D3228349617004DB46C /* SettingsView.swift in Sources */ = {isa = PBXBuildFile; fileRef = D9076D3128349617004DB46C /* SettingsView.swift */; };
		D90F6A8C28282BAC00210447 /* MiniDatingView.swift in Sources */ = {isa = PBXBuildFile; fileRef = D90F6A8B28282BAC00210447 /* MiniDatingView.swift */; };
		D9140D0228369DB200B6A00A /* LaunchScreen.storyboard in Resources */ = {isa = PBXBuildFile; fileRef = D9140D0128369DB200B6A00A /* LaunchScreen.storyboard */; };
		D922AE852836364000B46E6E /* SecondLookViewModel.swift in Sources */ = {isa = PBXBuildFile; fileRef = D922AE842836364000B46E6E /* SecondLookViewModel.swift */; };
		D92616932812861400ADB530 /* AdvancedFilters.swift in Sources */ = {isa = PBXBuildFile; fileRef = D92616922812861400ADB530 /* AdvancedFilters.swift */; };
		D9389DEC28362FE500D66C29 /* UserBuilder.swift in Sources */ = {isa = PBXBuildFile; fileRef = D9389DEB28362FE500D66C29 /* UserBuilder.swift */; };
		D9389DEE2836348400D66C29 /* LikedYouViewModel.swift in Sources */ = {isa = PBXBuildFile; fileRef = D9389DED2836348400D66C29 /* LikedYouViewModel.swift */; };
		D94AE87528225877004A37E6 /* Swipe.swift in Sources */ = {isa = PBXBuildFile; fileRef = D94AE87428225877004A37E6 /* Swipe.swift */; };
		D951100027FC339A000705FF /* LocationFetcher.swift in Sources */ = {isa = PBXBuildFile; fileRef = D9510FFF27FC339A000705FF /* LocationFetcher.swift */; };
		D951101E27FC4057000705FF /* DatingLocationView.swift in Sources */ = {isa = PBXBuildFile; fileRef = D951101D27FC4057000705FF /* DatingLocationView.swift */; };
		D951102027FC411E000705FF /* MapView.swift in Sources */ = {isa = PBXBuildFile; fileRef = D951101F27FC411E000705FF /* MapView.swift */; };
		D966AA1527FA9C1400A45DC7 /* GenderPicker.swift in Sources */ = {isa = PBXBuildFile; fileRef = D966AA1427FA9C1400A45DC7 /* GenderPicker.swift */; };
		D966AA1727FA9C4E00A45DC7 /* Constants.swift in Sources */ = {isa = PBXBuildFile; fileRef = D966AA1627FA9C4E00A45DC7 /* Constants.swift */; };
		D966AA1927FA9C7500A45DC7 /* LifestylePicker.swift in Sources */ = {isa = PBXBuildFile; fileRef = D966AA1827FA9C7500A45DC7 /* LifestylePicker.swift */; };
		D966AA1B27FA9C9C00A45DC7 /* LookingForPicker.swift in Sources */ = {isa = PBXBuildFile; fileRef = D966AA1A27FA9C9C00A45DC7 /* LookingForPicker.swift */; };
		D966AA1D27FAA4D500A45DC7 /* PreviewProfileView.swift in Sources */ = {isa = PBXBuildFile; fileRef = D966AA1C27FAA4D500A45DC7 /* PreviewProfileView.swift */; };
		D966AA1F27FB47EF00A45DC7 /* Universities.json in Resources */ = {isa = PBXBuildFile; fileRef = D966AA1E27FB47EF00A45DC7 /* Universities.json */; };
		D966AA2127FB480B00A45DC7 /* EducationPicker.swift in Sources */ = {isa = PBXBuildFile; fileRef = D966AA2027FB480B00A45DC7 /* EducationPicker.swift */; };
		D966AA2327FB481800A45DC7 /* University.swift in Sources */ = {isa = PBXBuildFile; fileRef = D966AA2227FB481800A45DC7 /* University.swift */; };
		D966AA2727FB497700A45DC7 /* Bundle-Decodable.swift in Sources */ = {isa = PBXBuildFile; fileRef = D966AA2627FB497700A45DC7 /* Bundle-Decodable.swift */; };
		D9690158280E938800871534 /* SKProduct-LocalizedPrice.swift in Sources */ = {isa = PBXBuildFile; fileRef = D9690157280E938800871534 /* SKProduct-LocalizedPrice.swift */; };
		D970700E27FC005700A1E4D9 /* Occupations.json in Resources */ = {isa = PBXBuildFile; fileRef = D970700D27FC005700A1E4D9 /* Occupations.json */; };
		D970701027FC00C700A1E4D9 /* OccupationPicker.swift in Sources */ = {isa = PBXBuildFile; fileRef = D970700F27FC00C700A1E4D9 /* OccupationPicker.swift */; };
		D984AA69280EA9390064AD80 /* UnlockManager.swift in Sources */ = {isa = PBXBuildFile; fileRef = D984AA68280EA9390064AD80 /* UnlockManager.swift */; };
		D98B43572832B58A00F36D04 /* RangeSlider.swift in Sources */ = {isa = PBXBuildFile; fileRef = D98B43562832B58A00F36D04 /* RangeSlider.swift */; };
		D98F998E27F93E74002162B6 /* Dating_AppApp.swift in Sources */ = {isa = PBXBuildFile; fileRef = D98F998D27F93E74002162B6 /* Dating_AppApp.swift */; };
		D98F999227F93E76002162B6 /* Assets.xcassets in Resources */ = {isa = PBXBuildFile; fileRef = D98F999127F93E76002162B6 /* Assets.xcassets */; };
		D98F999527F93E76002162B6 /* Preview Assets.xcassets in Resources */ = {isa = PBXBuildFile; fileRef = D98F999427F93E76002162B6 /* Preview Assets.xcassets */; };
		D98F999D27F982FF002162B6 /* User.swift in Sources */ = {isa = PBXBuildFile; fileRef = D98F999C27F982FE002162B6 /* User.swift */; };
		D98F999F27F98601002162B6 /* LoginView.swift in Sources */ = {isa = PBXBuildFile; fileRef = D98F999E27F98601002162B6 /* LoginView.swift */; };
		D98F99A127F98660002162B6 /* ImagePicker.swift in Sources */ = {isa = PBXBuildFile; fileRef = D98F99A027F98660002162B6 /* ImagePicker.swift */; };
		D98F99A327F98837002162B6 /* EditProfileView.swift in Sources */ = {isa = PBXBuildFile; fileRef = D98F99A227F98837002162B6 /* EditProfileView.swift */; };
		D992CAF8280686A7008DB49A /* FirebaseManager.swift in Sources */ = {isa = PBXBuildFile; fileRef = D992CAF7280686A7008DB49A /* FirebaseManager.swift */; };
		D992CAFB28068F9D008DB49A /* FirebaseAuth in Frameworks */ = {isa = PBXBuildFile; productRef = D992CAFA28068F9D008DB49A /* FirebaseAuth */; };
		D992CAFD28068F9D008DB49A /* FirebaseDatabase in Frameworks */ = {isa = PBXBuildFile; productRef = D992CAFC28068F9D008DB49A /* FirebaseDatabase */; };
		D992CAFF28068F9D008DB49A /* FirebaseDatabaseSwift-Beta in Frameworks */ = {isa = PBXBuildFile; productRef = D992CAFE28068F9D008DB49A /* FirebaseDatabaseSwift-Beta */; };
		D992CB0128068F9D008DB49A /* FirebaseFirestore in Frameworks */ = {isa = PBXBuildFile; productRef = D992CB0028068F9D008DB49A /* FirebaseFirestore */; };
		D992CB0328068F9D008DB49A /* FirebaseFirestoreSwift-Beta in Frameworks */ = {isa = PBXBuildFile; productRef = D992CB0228068F9D008DB49A /* FirebaseFirestoreSwift-Beta */; };
		D992CB0528068F9D008DB49A /* FirebaseStorage in Frameworks */ = {isa = PBXBuildFile; productRef = D992CB0428068F9D008DB49A /* FirebaseStorage */; };
		D992CB0728068F9D008DB49A /* FirebaseStorageSwift-Beta in Frameworks */ = {isa = PBXBuildFile; productRef = D992CB0628068F9D008DB49A /* FirebaseStorageSwift-Beta */; };
		D992CB0F2806AC6B008DB49A /* GoogleService-Info.plist in Resources */ = {isa = PBXBuildFile; fileRef = D992CB0E2806AC6B008DB49A /* GoogleService-Info.plist */; };
		D998A35A282F332A0022CD96 /* MatchView.swift in Sources */ = {isa = PBXBuildFile; fileRef = D998A359282F332A0022CD96 /* MatchView.swift */; };
		D998A35C282F35A50022CD96 /* SecondLookView.swift in Sources */ = {isa = PBXBuildFile; fileRef = D998A35B282F35A50022CD96 /* SecondLookView.swift */; };
		D998A35E282F35B90022CD96 /* LikedYouView.swift in Sources */ = {isa = PBXBuildFile; fileRef = D998A35D282F35B90022CD96 /* LikedYouView.swift */; };
		D998A362282F5D320022CD96 /* PurchaseButton.swift in Sources */ = {isa = PBXBuildFile; fileRef = D998A361282F5D320022CD96 /* PurchaseButton.swift */; };
		D9A27CD7280DCAB700A76D53 /* Binding.swift in Sources */ = {isa = PBXBuildFile; fileRef = D9A27CD6280DCAB700A76D53 /* Binding.swift */; };
		D9BA2F9A283207DF0004073D /* DatingViewModel.swift in Sources */ = {isa = PBXBuildFile; fileRef = D9BA2F99283207DF0004073D /* DatingViewModel.swift */; };
		D9BA2F9C28321BB80004073D /* HomeViewModel.swift in Sources */ = {isa = PBXBuildFile; fileRef = D9BA2F9B28321BB80004073D /* HomeViewModel.swift */; };
		D9BA2F9E283220BB0004073D /* SettingsViewModel.swift in Sources */ = {isa = PBXBuildFile; fileRef = D9BA2F9D283220BB0004073D /* SettingsViewModel.swift */; };
		D9BA2FA02832262C0004073D /* MainSettingsView.swift in Sources */ = {isa = PBXBuildFile; fileRef = D9BA2F9F2832262C0004073D /* MainSettingsView.swift */; };
		D9BA2FA2283243A10004073D /* EditProfileViewModel.swift in Sources */ = {isa = PBXBuildFile; fileRef = D9BA2FA1283243A10004073D /* EditProfileViewModel.swift */; };
		D9BA2FA428324D8B0004073D /* PreviewProfileViewModel.swift in Sources */ = {isa = PBXBuildFile; fileRef = D9BA2FA328324D8B0004073D /* PreviewProfileViewModel.swift */; };
		D9BA2FA628324FEA0004073D /* MainSettingsViewModel.swift in Sources */ = {isa = PBXBuildFile; fileRef = D9BA2FA528324FEA0004073D /* MainSettingsViewModel.swift */; };
		D9BA2FA8283252050004073D /* LoginViewModel.swift in Sources */ = {isa = PBXBuildFile; fileRef = D9BA2FA7283252050004073D /* LoginViewModel.swift */; };
		D9C6FEF227FD6EE20002F92D /* HomeView.swift in Sources */ = {isa = PBXBuildFile; fileRef = D9C6FEF127FD6EE20002F92D /* HomeView.swift */; };
		D9C6FEFA27FD799F0002F92D /* UserCardView.swift in Sources */ = {isa = PBXBuildFile; fileRef = D9C6FEF927FD799F0002F92D /* UserCardView.swift */; };
		D9C6FEFC27FD845C0002F92D /* SampleImage.xcassets in Resources */ = {isa = PBXBuildFile; fileRef = D9C6FEFB27FD845C0002F92D /* SampleImage.xcassets */; };
		D9C6FF0627FE9C890002F92D /* RectangleDivider.swift in Sources */ = {isa = PBXBuildFile; fileRef = D9C6FF0527FE9C880002F92D /* RectangleDivider.swift */; };
		D9C6FF0827FEAFB70002F92D /* DatingView.swift in Sources */ = {isa = PBXBuildFile; fileRef = D9C6FF0727FEAFB70002F92D /* DatingView.swift */; };
		D9C6FF0A27FEBC840002F92D /* ProfileView.swift in Sources */ = {isa = PBXBuildFile; fileRef = D9C6FF0927FEBC840002F92D /* ProfileView.swift */; };
		D9C6FF1127FF460D0002F92D /* NavigationViewStack.swift in Sources */ = {isa = PBXBuildFile; fileRef = D9C6FF1027FF460D0002F92D /* NavigationViewStack.swift */; };
		D9EB77D82805E7E8009DE650 /* MainTabView.swift in Sources */ = {isa = PBXBuildFile; fileRef = D9EB77D72805E7E8009DE650 /* MainTabView.swift */; };
		D9F08864280416E900EF5EB0 /* SignUpView.swift in Sources */ = {isa = PBXBuildFile; fileRef = D9F08863280416E900EF5EB0 /* SignUpView.swift */; };
		D9F406A4280EACC000608100 /* UnlockView.swift in Sources */ = {isa = PBXBuildFile; fileRef = D9F406A2280EACC000608100 /* UnlockView.swift */; };
		D9F406A5280EACC000608100 /* ProductView.swift in Sources */ = {isa = PBXBuildFile; fileRef = D9F406A3280EACC000608100 /* ProductView.swift */; };
		D9F467192830FB3B00115283 /* SignUpViewModel.swift in Sources */ = {isa = PBXBuildFile; fileRef = D9F467182830FB3B00115283 /* SignUpViewModel.swift */; };
/* End PBXBuildFile section */

/* Begin PBXFileReference section */
		D9076D2F283492A2004DB46C /* AboutUsView.swift */ = {isa = PBXFileReference; lastKnownFileType = sourcecode.swift; path = AboutUsView.swift; sourceTree = "<group>"; };
		D9076D3128349617004DB46C /* SettingsView.swift */ = {isa = PBXFileReference; lastKnownFileType = sourcecode.swift; path = SettingsView.swift; sourceTree = "<group>"; };
		D90F6A8B28282BAC00210447 /* MiniDatingView.swift */ = {isa = PBXFileReference; lastKnownFileType = sourcecode.swift; path = MiniDatingView.swift; sourceTree = "<group>"; };
		D9140D0128369DB200B6A00A /* LaunchScreen.storyboard */ = {isa = PBXFileReference; fileEncoding = 4; lastKnownFileType = file.storyboard; path = LaunchScreen.storyboard; sourceTree = "<group>"; };
		D922AE842836364000B46E6E /* SecondLookViewModel.swift */ = {isa = PBXFileReference; lastKnownFileType = sourcecode.swift; path = SecondLookViewModel.swift; sourceTree = "<group>"; };
		D92616922812861400ADB530 /* AdvancedFilters.swift */ = {isa = PBXFileReference; lastKnownFileType = sourcecode.swift; path = AdvancedFilters.swift; sourceTree = "<group>"; };
		D9389DEB28362FE500D66C29 /* UserBuilder.swift */ = {isa = PBXFileReference; fileEncoding = 4; lastKnownFileType = sourcecode.swift; path = UserBuilder.swift; sourceTree = "<group>"; };
		D9389DED2836348400D66C29 /* LikedYouViewModel.swift */ = {isa = PBXFileReference; lastKnownFileType = sourcecode.swift; path = LikedYouViewModel.swift; sourceTree = "<group>"; };
		D94AE87428225877004A37E6 /* Swipe.swift */ = {isa = PBXFileReference; lastKnownFileType = sourcecode.swift; path = Swipe.swift; sourceTree = "<group>"; };
		D9510FFF27FC339A000705FF /* LocationFetcher.swift */ = {isa = PBXFileReference; lastKnownFileType = sourcecode.swift; path = LocationFetcher.swift; sourceTree = "<group>"; };
		D951101D27FC4057000705FF /* DatingLocationView.swift */ = {isa = PBXFileReference; lastKnownFileType = sourcecode.swift; path = DatingLocationView.swift; sourceTree = "<group>"; };
		D951101F27FC411E000705FF /* MapView.swift */ = {isa = PBXFileReference; lastKnownFileType = sourcecode.swift; path = MapView.swift; sourceTree = "<group>"; };
		D966AA1427FA9C1400A45DC7 /* GenderPicker.swift */ = {isa = PBXFileReference; lastKnownFileType = sourcecode.swift; path = GenderPicker.swift; sourceTree = "<group>"; };
		D966AA1627FA9C4E00A45DC7 /* Constants.swift */ = {isa = PBXFileReference; lastKnownFileType = sourcecode.swift; path = Constants.swift; sourceTree = "<group>"; };
		D966AA1827FA9C7500A45DC7 /* LifestylePicker.swift */ = {isa = PBXFileReference; lastKnownFileType = sourcecode.swift; path = LifestylePicker.swift; sourceTree = "<group>"; };
		D966AA1A27FA9C9C00A45DC7 /* LookingForPicker.swift */ = {isa = PBXFileReference; lastKnownFileType = sourcecode.swift; path = LookingForPicker.swift; sourceTree = "<group>"; };
		D966AA1C27FAA4D500A45DC7 /* PreviewProfileView.swift */ = {isa = PBXFileReference; lastKnownFileType = sourcecode.swift; path = PreviewProfileView.swift; sourceTree = "<group>"; };
		D966AA1E27FB47EF00A45DC7 /* Universities.json */ = {isa = PBXFileReference; fileEncoding = 4; lastKnownFileType = text.json; path = Universities.json; sourceTree = "<group>"; };
		D966AA2027FB480B00A45DC7 /* EducationPicker.swift */ = {isa = PBXFileReference; lastKnownFileType = sourcecode.swift; path = EducationPicker.swift; sourceTree = "<group>"; };
		D966AA2227FB481800A45DC7 /* University.swift */ = {isa = PBXFileReference; lastKnownFileType = sourcecode.swift; path = University.swift; sourceTree = "<group>"; };
		D966AA2627FB497700A45DC7 /* Bundle-Decodable.swift */ = {isa = PBXFileReference; fileEncoding = 4; lastKnownFileType = sourcecode.swift; path = "Bundle-Decodable.swift"; sourceTree = "<group>"; };
		D9690157280E938800871534 /* SKProduct-LocalizedPrice.swift */ = {isa = PBXFileReference; fileEncoding = 4; lastKnownFileType = sourcecode.swift; path = "SKProduct-LocalizedPrice.swift"; sourceTree = "<group>"; };
		D970700D27FC005700A1E4D9 /* Occupations.json */ = {isa = PBXFileReference; fileEncoding = 4; lastKnownFileType = text.json; path = Occupations.json; sourceTree = "<group>"; };
		D970700F27FC00C700A1E4D9 /* OccupationPicker.swift */ = {isa = PBXFileReference; lastKnownFileType = sourcecode.swift; path = OccupationPicker.swift; sourceTree = "<group>"; };
		D984AA68280EA9390064AD80 /* UnlockManager.swift */ = {isa = PBXFileReference; lastKnownFileType = sourcecode.swift; path = UnlockManager.swift; sourceTree = "<group>"; };
		D984AA6A280EAA3D0064AD80 /* Configuration.storekit */ = {isa = PBXFileReference; lastKnownFileType = text; path = Configuration.storekit; sourceTree = "<group>"; };
		D98B43562832B58A00F36D04 /* RangeSlider.swift */ = {isa = PBXFileReference; lastKnownFileType = sourcecode.swift; path = RangeSlider.swift; sourceTree = "<group>"; };
		D98F998A27F93E74002162B6 /* Dating_App.app */ = {isa = PBXFileReference; explicitFileType = wrapper.application; includeInIndex = 0; path = Dating_App.app; sourceTree = BUILT_PRODUCTS_DIR; };
		D98F998D27F93E74002162B6 /* Dating_AppApp.swift */ = {isa = PBXFileReference; lastKnownFileType = sourcecode.swift; path = Dating_AppApp.swift; sourceTree = "<group>"; };
		D98F999127F93E76002162B6 /* Assets.xcassets */ = {isa = PBXFileReference; lastKnownFileType = folder.assetcatalog; path = Assets.xcassets; sourceTree = "<group>"; };
		D98F999427F93E76002162B6 /* Preview Assets.xcassets */ = {isa = PBXFileReference; lastKnownFileType = folder.assetcatalog; path = "Preview Assets.xcassets"; sourceTree = "<group>"; };
		D98F999C27F982FE002162B6 /* User.swift */ = {isa = PBXFileReference; lastKnownFileType = sourcecode.swift; path = User.swift; sourceTree = "<group>"; };
		D98F999E27F98601002162B6 /* LoginView.swift */ = {isa = PBXFileReference; lastKnownFileType = sourcecode.swift; path = LoginView.swift; sourceTree = "<group>"; };
		D98F99A027F98660002162B6 /* ImagePicker.swift */ = {isa = PBXFileReference; fileEncoding = 4; lastKnownFileType = sourcecode.swift; path = ImagePicker.swift; sourceTree = "<group>"; };
		D98F99A227F98837002162B6 /* EditProfileView.swift */ = {isa = PBXFileReference; lastKnownFileType = sourcecode.swift; path = EditProfileView.swift; sourceTree = "<group>"; };
		D992CAF7280686A7008DB49A /* FirebaseManager.swift */ = {isa = PBXFileReference; lastKnownFileType = sourcecode.swift; path = FirebaseManager.swift; sourceTree = "<group>"; };
		D992CB0E2806AC6B008DB49A /* GoogleService-Info.plist */ = {isa = PBXFileReference; fileEncoding = 4; lastKnownFileType = text.plist.xml; path = "GoogleService-Info.plist"; sourceTree = "<group>"; };
		D998A359282F332A0022CD96 /* MatchView.swift */ = {isa = PBXFileReference; lastKnownFileType = sourcecode.swift; path = MatchView.swift; sourceTree = "<group>"; };
		D998A35B282F35A50022CD96 /* SecondLookView.swift */ = {isa = PBXFileReference; lastKnownFileType = sourcecode.swift; path = SecondLookView.swift; sourceTree = "<group>"; };
		D998A35D282F35B90022CD96 /* LikedYouView.swift */ = {isa = PBXFileReference; lastKnownFileType = sourcecode.swift; path = LikedYouView.swift; sourceTree = "<group>"; };
		D998A361282F5D320022CD96 /* PurchaseButton.swift */ = {isa = PBXFileReference; fileEncoding = 4; lastKnownFileType = sourcecode.swift; path = PurchaseButton.swift; sourceTree = "<group>"; };
		D9A27CD6280DCAB700A76D53 /* Binding.swift */ = {isa = PBXFileReference; lastKnownFileType = sourcecode.swift; path = Binding.swift; sourceTree = "<group>"; };
		D9BA2F99283207DF0004073D /* DatingViewModel.swift */ = {isa = PBXFileReference; lastKnownFileType = sourcecode.swift; path = DatingViewModel.swift; sourceTree = "<group>"; };
		D9BA2F9B28321BB80004073D /* HomeViewModel.swift */ = {isa = PBXFileReference; lastKnownFileType = sourcecode.swift; path = HomeViewModel.swift; sourceTree = "<group>"; };
		D9BA2F9D283220BB0004073D /* SettingsViewModel.swift */ = {isa = PBXFileReference; lastKnownFileType = sourcecode.swift; path = SettingsViewModel.swift; sourceTree = "<group>"; };
		D9BA2F9F2832262C0004073D /* MainSettingsView.swift */ = {isa = PBXFileReference; lastKnownFileType = sourcecode.swift; path = MainSettingsView.swift; sourceTree = "<group>"; };
		D9BA2FA1283243A10004073D /* EditProfileViewModel.swift */ = {isa = PBXFileReference; lastKnownFileType = sourcecode.swift; path = EditProfileViewModel.swift; sourceTree = "<group>"; };
		D9BA2FA328324D8B0004073D /* PreviewProfileViewModel.swift */ = {isa = PBXFileReference; lastKnownFileType = sourcecode.swift; path = PreviewProfileViewModel.swift; sourceTree = "<group>"; };
		D9BA2FA528324FEA0004073D /* MainSettingsViewModel.swift */ = {isa = PBXFileReference; lastKnownFileType = sourcecode.swift; path = MainSettingsViewModel.swift; sourceTree = "<group>"; };
		D9BA2FA7283252050004073D /* LoginViewModel.swift */ = {isa = PBXFileReference; lastKnownFileType = sourcecode.swift; path = LoginViewModel.swift; sourceTree = "<group>"; };
		D9C6FEF127FD6EE20002F92D /* HomeView.swift */ = {isa = PBXFileReference; lastKnownFileType = sourcecode.swift; path = HomeView.swift; sourceTree = "<group>"; };
		D9C6FEF927FD799F0002F92D /* UserCardView.swift */ = {isa = PBXFileReference; fileEncoding = 4; lastKnownFileType = sourcecode.swift; path = UserCardView.swift; sourceTree = "<group>"; };
		D9C6FEFB27FD845C0002F92D /* SampleImage.xcassets */ = {isa = PBXFileReference; lastKnownFileType = folder.assetcatalog; path = SampleImage.xcassets; sourceTree = "<group>"; };
		D9C6FF0527FE9C880002F92D /* RectangleDivider.swift */ = {isa = PBXFileReference; fileEncoding = 4; lastKnownFileType = sourcecode.swift; path = RectangleDivider.swift; sourceTree = "<group>"; };
		D9C6FF0727FEAFB70002F92D /* DatingView.swift */ = {isa = PBXFileReference; lastKnownFileType = sourcecode.swift; path = DatingView.swift; sourceTree = "<group>"; };
		D9C6FF0927FEBC840002F92D /* ProfileView.swift */ = {isa = PBXFileReference; lastKnownFileType = sourcecode.swift; path = ProfileView.swift; sourceTree = "<group>"; };
		D9C6FF1027FF460D0002F92D /* NavigationViewStack.swift */ = {isa = PBXFileReference; lastKnownFileType = sourcecode.swift; path = NavigationViewStack.swift; sourceTree = "<group>"; };
		D9EB77D72805E7E8009DE650 /* MainTabView.swift */ = {isa = PBXFileReference; lastKnownFileType = sourcecode.swift; path = MainTabView.swift; sourceTree = "<group>"; };
		D9F08863280416E900EF5EB0 /* SignUpView.swift */ = {isa = PBXFileReference; lastKnownFileType = sourcecode.swift; path = SignUpView.swift; sourceTree = "<group>"; };
		D9F406A2280EACC000608100 /* UnlockView.swift */ = {isa = PBXFileReference; fileEncoding = 4; lastKnownFileType = sourcecode.swift; path = UnlockView.swift; sourceTree = "<group>"; };
		D9F406A3280EACC000608100 /* ProductView.swift */ = {isa = PBXFileReference; fileEncoding = 4; lastKnownFileType = sourcecode.swift; name = ProductView.swift; path = ../../../../Portfolio/Portfolio/Activities/Unlock/ProductView.swift; sourceTree = "<group>"; };
		D9F467182830FB3B00115283 /* SignUpViewModel.swift */ = {isa = PBXFileReference; lastKnownFileType = sourcecode.swift; path = SignUpViewModel.swift; sourceTree = "<group>"; };
/* End PBXFileReference section */

/* Begin PBXFrameworksBuildPhase section */
		D98F998727F93E74002162B6 /* Frameworks */ = {
			isa = PBXFrameworksBuildPhase;
			buildActionMask = 2147483647;
			files = (
				D992CAFF28068F9D008DB49A /* FirebaseDatabaseSwift-Beta in Frameworks */,
				D992CB0128068F9D008DB49A /* FirebaseFirestore in Frameworks */,
				D992CB0328068F9D008DB49A /* FirebaseFirestoreSwift-Beta in Frameworks */,
				D992CAFD28068F9D008DB49A /* FirebaseDatabase in Frameworks */,
				D992CAFB28068F9D008DB49A /* FirebaseAuth in Frameworks */,
				D992CB0728068F9D008DB49A /* FirebaseStorageSwift-Beta in Frameworks */,
				D992CB0528068F9D008DB49A /* FirebaseStorage in Frameworks */,
			);
			runOnlyForDeploymentPostprocessing = 0;
		};
/* End PBXFrameworksBuildPhase section */

/* Begin PBXGroup section */
		D9076D2E28349294004DB46C /* About Us */ = {
			isa = PBXGroup;
			children = (
				D9076D2F283492A2004DB46C /* AboutUsView.swift */,
			);
			path = "About Us";
			sourceTree = "<group>";
		};
		D9690149280E8CF300871534 /* Settings */ = {
			isa = PBXGroup;
			children = (
				D9076D3128349617004DB46C /* SettingsView.swift */,
				D9BA2F9D283220BB0004073D /* SettingsViewModel.swift */,
				D9BA2F9F2832262C0004073D /* MainSettingsView.swift */,
				D9BA2FA528324FEA0004073D /* MainSettingsViewModel.swift */,
			);
			path = Settings;
			sourceTree = "<group>";
		};
		D969014E280E932D00871534 /* Unlock */ = {
			isa = PBXGroup;
			children = (
				D998A361282F5D320022CD96 /* PurchaseButton.swift */,
				D9F406A3280EACC000608100 /* ProductView.swift */,
				D9F406A2280EACC000608100 /* UnlockView.swift */,
				D984AA68280EA9390064AD80 /* UnlockManager.swift */,
			);
			path = Unlock;
			sourceTree = "<group>";
		};
		D98F998127F93E74002162B6 = {
			isa = PBXGroup;
			children = (
				D98F998C27F93E74002162B6 /* Dating_App */,
				D98F998B27F93E74002162B6 /* Products */,
			);
			sourceTree = "<group>";
		};
		D98F998B27F93E74002162B6 /* Products */ = {
			isa = PBXGroup;
			children = (
				D98F998A27F93E74002162B6 /* Dating_App.app */,
			);
			name = Products;
			sourceTree = "<group>";
		};
		D98F998C27F93E74002162B6 /* Dating_App */ = {
			isa = PBXGroup;
			children = (
				D9140D0128369DB200B6A00A /* LaunchScreen.storyboard */,
				D9C6FF0F27FEC94C0002F92D /* Models */,
				D9C6FF0B27FEC64E0002F92D /* Activities */,
				D9C6FEEE27FD354D0002F92D /* Extensions */,
				D98F998D27F93E74002162B6 /* Dating_AppApp.swift */,
				D992CAF7280686A7008DB49A /* FirebaseManager.swift */,
				D992CB0E2806AC6B008DB49A /* GoogleService-Info.plist */,
				D966AA1E27FB47EF00A45DC7 /* Universities.json */,
				D970700D27FC005700A1E4D9 /* Occupations.json */,
				D98F999127F93E76002162B6 /* Assets.xcassets */,
				D9C6FEFB27FD845C0002F92D /* SampleImage.xcassets */,
				D98F999327F93E76002162B6 /* Preview Content */,
				D984AA6A280EAA3D0064AD80 /* Configuration.storekit */,
			);
			path = Dating_App;
			sourceTree = "<group>";
		};
		D98F999327F93E76002162B6 /* Preview Content */ = {
			isa = PBXGroup;
			children = (
				D98F999427F93E76002162B6 /* Preview Assets.xcassets */,
			);
			path = "Preview Content";
			sourceTree = "<group>";
		};
		D9C6FEEE27FD354D0002F92D /* Extensions */ = {
			isa = PBXGroup;
			children = (
				D951101F27FC411E000705FF /* MapView.swift */,
				D98F99A027F98660002162B6 /* ImagePicker.swift */,
				D9690157280E938800871534 /* SKProduct-LocalizedPrice.swift */,
				D9C6FF1027FF460D0002F92D /* NavigationViewStack.swift */,
				D966AA2627FB497700A45DC7 /* Bundle-Decodable.swift */,
				D9C6FF0527FE9C880002F92D /* RectangleDivider.swift */,
				D9510FFF27FC339A000705FF /* LocationFetcher.swift */,
				D9A27CD6280DCAB700A76D53 /* Binding.swift */,
				D98B43562832B58A00F36D04 /* RangeSlider.swift */,
			);
			path = Extensions;
			sourceTree = "<group>";
		};
		D9C6FF0B27FEC64E0002F92D /* Activities */ = {
			isa = PBXGroup;
			children = (
				D9076D2E28349294004DB46C /* About Us */,
				D969014E280E932D00871534 /* Unlock */,
				D9690149280E8CF300871534 /* Settings */,
				D9C6FF0E27FEC6710002F92D /* Profile */,
				D9C6FF0D27FEC6670002F92D /* Match */,
				D9C6FF0C27FEC65D0002F92D /* Home */,
			);
			path = Activities;
			sourceTree = "<group>";
		};
		D9C6FF0C27FEC65D0002F92D /* Home */ = {
			isa = PBXGroup;
			children = (
				D9EB77D72805E7E8009DE650 /* MainTabView.swift */,
				D9C6FEF127FD6EE20002F92D /* HomeView.swift */,
				D9BA2F9B28321BB80004073D /* HomeViewModel.swift */,
				D98F999E27F98601002162B6 /* LoginView.swift */,
				D9BA2FA7283252050004073D /* LoginViewModel.swift */,
				D9F08863280416E900EF5EB0 /* SignUpView.swift */,
				D9F467182830FB3B00115283 /* SignUpViewModel.swift */,
				D998A359282F332A0022CD96 /* MatchView.swift */,
				D998A35B282F35A50022CD96 /* SecondLookView.swift */,
				D922AE842836364000B46E6E /* SecondLookViewModel.swift */,
				D998A35D282F35B90022CD96 /* LikedYouView.swift */,
				D9389DED2836348400D66C29 /* LikedYouViewModel.swift */,
			);
			path = Home;
			sourceTree = "<group>";
		};
		D9C6FF0D27FEC6670002F92D /* Match */ = {
			isa = PBXGroup;
			children = (
				D9C6FEF927FD799F0002F92D /* UserCardView.swift */,
				D9C6FF0727FEAFB70002F92D /* DatingView.swift */,
				D9BA2F99283207DF0004073D /* DatingViewModel.swift */,
				D90F6A8B28282BAC00210447 /* MiniDatingView.swift */,
			);
			path = Match;
			sourceTree = "<group>";
		};
		D9C6FF0E27FEC6710002F92D /* Profile */ = {
			isa = PBXGroup;
			children = (
				D9C6FF0927FEBC840002F92D /* ProfileView.swift */,
				D966AA1C27FAA4D500A45DC7 /* PreviewProfileView.swift */,
				D9BA2FA328324D8B0004073D /* PreviewProfileViewModel.swift */,
				D98F99A227F98837002162B6 /* EditProfileView.swift */,
				D9BA2FA1283243A10004073D /* EditProfileViewModel.swift */,
				D951101D27FC4057000705FF /* DatingLocationView.swift */,
				D966AA1A27FA9C9C00A45DC7 /* LookingForPicker.swift */,
				D966AA1827FA9C7500A45DC7 /* LifestylePicker.swift */,
				D970700F27FC00C700A1E4D9 /* OccupationPicker.swift */,
				D966AA1427FA9C1400A45DC7 /* GenderPicker.swift */,
				D966AA2027FB480B00A45DC7 /* EducationPicker.swift */,
			);
			path = Profile;
			sourceTree = "<group>";
		};
		D9C6FF0F27FEC94C0002F92D /* Models */ = {
			isa = PBXGroup;
			children = (
				D98F999C27F982FE002162B6 /* User.swift */,
				D9389DEB28362FE500D66C29 /* UserBuilder.swift */,
				D966AA2227FB481800A45DC7 /* University.swift */,
				D966AA1627FA9C4E00A45DC7 /* Constants.swift */,
				D92616922812861400ADB530 /* AdvancedFilters.swift */,
				D94AE87428225877004A37E6 /* Swipe.swift */,
			);
			path = Models;
			sourceTree = "<group>";
		};
/* End PBXGroup section */

/* Begin PBXNativeTarget section */
		D98F998927F93E74002162B6 /* Dating_App */ = {
			isa = PBXNativeTarget;
			buildConfigurationList = D98F999827F93E76002162B6 /* Build configuration list for PBXNativeTarget "Dating_App" */;
			buildPhases = (
				D98F998627F93E74002162B6 /* Sources */,
				D98F998727F93E74002162B6 /* Frameworks */,
				D98F998827F93E74002162B6 /* Resources */,
			);
			buildRules = (
			);
			dependencies = (
			);
			name = Dating_App;
			packageProductDependencies = (
				D992CAFA28068F9D008DB49A /* FirebaseAuth */,
				D992CAFC28068F9D008DB49A /* FirebaseDatabase */,
				D992CAFE28068F9D008DB49A /* FirebaseDatabaseSwift-Beta */,
				D992CB0028068F9D008DB49A /* FirebaseFirestore */,
				D992CB0228068F9D008DB49A /* FirebaseFirestoreSwift-Beta */,
				D992CB0428068F9D008DB49A /* FirebaseStorage */,
				D992CB0628068F9D008DB49A /* FirebaseStorageSwift-Beta */,
			);
			productName = Dating_App;
			productReference = D98F998A27F93E74002162B6 /* Dating_App.app */;
			productType = "com.apple.product-type.application";
		};
/* End PBXNativeTarget section */

/* Begin PBXProject section */
		D98F998227F93E74002162B6 /* Project object */ = {
			isa = PBXProject;
			attributes = {
				BuildIndependentTargetsInParallel = 1;
				LastSwiftUpdateCheck = 1330;
				LastUpgradeCheck = 1330;
				TargetAttributes = {
					D98F998927F93E74002162B6 = {
						CreatedOnToolsVersion = 13.3;
					};
				};
			};
			buildConfigurationList = D98F998527F93E74002162B6 /* Build configuration list for PBXProject "Dating_App" */;
			compatibilityVersion = "Xcode 13.0";
			developmentRegion = en;
			hasScannedForEncodings = 0;
			knownRegions = (
				en,
				Base,
			);
			mainGroup = D98F998127F93E74002162B6;
			packageReferences = (
				D992CAF928068F9D008DB49A /* XCRemoteSwiftPackageReference "firebase-ios-sdk" */,
			);
			productRefGroup = D98F998B27F93E74002162B6 /* Products */;
			projectDirPath = "";
			projectRoot = "";
			targets = (
				D98F998927F93E74002162B6 /* Dating_App */,
			);
		};
/* End PBXProject section */

/* Begin PBXResourcesBuildPhase section */
		D98F998827F93E74002162B6 /* Resources */ = {
			isa = PBXResourcesBuildPhase;
			buildActionMask = 2147483647;
			files = (
				D9C6FEFC27FD845C0002F92D /* SampleImage.xcassets in Resources */,
				D970700E27FC005700A1E4D9 /* Occupations.json in Resources */,
				D98F999527F93E76002162B6 /* Preview Assets.xcassets in Resources */,
				D98F999227F93E76002162B6 /* Assets.xcassets in Resources */,
				D9140D0228369DB200B6A00A /* LaunchScreen.storyboard in Resources */,
				D966AA1F27FB47EF00A45DC7 /* Universities.json in Resources */,
				D992CB0F2806AC6B008DB49A /* GoogleService-Info.plist in Resources */,
			);
			runOnlyForDeploymentPostprocessing = 0;
		};
/* End PBXResourcesBuildPhase section */

/* Begin PBXSourcesBuildPhase section */
		D98F998627F93E74002162B6 /* Sources */ = {
			isa = PBXSourcesBuildPhase;
			buildActionMask = 2147483647;
			files = (
				D966AA1527FA9C1400A45DC7 /* GenderPicker.swift in Sources */,
				D966AA1D27FAA4D500A45DC7 /* PreviewProfileView.swift in Sources */,
				D9EB77D82805E7E8009DE650 /* MainTabView.swift in Sources */,
				D9BA2F9C28321BB80004073D /* HomeViewModel.swift in Sources */,
				D9BA2FA8283252050004073D /* LoginViewModel.swift in Sources */,
				D951100027FC339A000705FF /* LocationFetcher.swift in Sources */,
				D98F998E27F93E74002162B6 /* Dating_AppApp.swift in Sources */,
				D9076D3228349617004DB46C /* SettingsView.swift in Sources */,
				D9BA2F9A283207DF0004073D /* DatingViewModel.swift in Sources */,
				D966AA2327FB481800A45DC7 /* University.swift in Sources */,
				D984AA69280EA9390064AD80 /* UnlockManager.swift in Sources */,
				D966AA2727FB497700A45DC7 /* Bundle-Decodable.swift in Sources */,
				D98F99A127F98660002162B6 /* ImagePicker.swift in Sources */,
				D922AE852836364000B46E6E /* SecondLookViewModel.swift in Sources */,
				D998A35C282F35A50022CD96 /* SecondLookView.swift in Sources */,
				D9C6FF0627FE9C890002F92D /* RectangleDivider.swift in Sources */,
				D998A35A282F332A0022CD96 /* MatchView.swift in Sources */,
				D9F08864280416E900EF5EB0 /* SignUpView.swift in Sources */,
				D9BA2FA428324D8B0004073D /* PreviewProfileViewModel.swift in Sources */,
				D98F999F27F98601002162B6 /* LoginView.swift in Sources */,
				D966AA1727FA9C4E00A45DC7 /* Constants.swift in Sources */,
				D98B43572832B58A00F36D04 /* RangeSlider.swift in Sources */,
				D951102027FC411E000705FF /* MapView.swift in Sources */,
				D9BA2F9E283220BB0004073D /* SettingsViewModel.swift in Sources */,
				D90F6A8C28282BAC00210447 /* MiniDatingView.swift in Sources */,
				D9690158280E938800871534 /* SKProduct-LocalizedPrice.swift in Sources */,
				D98F99A327F98837002162B6 /* EditProfileView.swift in Sources */,
				D966AA2127FB480B00A45DC7 /* EducationPicker.swift in Sources */,
				D992CAF8280686A7008DB49A /* FirebaseManager.swift in Sources */,
				D94AE87528225877004A37E6 /* Swipe.swift in Sources */,
				D98F999D27F982FF002162B6 /* User.swift in Sources */,
				D9C6FF0A27FEBC840002F92D /* ProfileView.swift in Sources */,
				D9F406A4280EACC000608100 /* UnlockView.swift in Sources */,
				D9BA2FA628324FEA0004073D /* MainSettingsViewModel.swift in Sources */,
				D9389DEE2836348400D66C29 /* LikedYouViewModel.swift in Sources */,
				D92616932812861400ADB530 /* AdvancedFilters.swift in Sources */,
				D9C6FF1127FF460D0002F92D /* NavigationViewStack.swift in Sources */,
				D966AA1B27FA9C9C00A45DC7 /* LookingForPicker.swift in Sources */,
				D9BA2FA02832262C0004073D /* MainSettingsView.swift in Sources */,
				D970701027FC00C700A1E4D9 /* OccupationPicker.swift in Sources */,
				D9389DEC28362FE500D66C29 /* UserBuilder.swift in Sources */,
				D9BA2FA2283243A10004073D /* EditProfileViewModel.swift in Sources */,
				D9F406A5280EACC000608100 /* ProductView.swift in Sources */,
				D9A27CD7280DCAB700A76D53 /* Binding.swift in Sources */,
				D951101E27FC4057000705FF /* DatingLocationView.swift in Sources */,
				D966AA1927FA9C7500A45DC7 /* LifestylePicker.swift in Sources */,
				D9C6FF0827FEAFB70002F92D /* DatingView.swift in Sources */,
				D9C6FEFA27FD799F0002F92D /* UserCardView.swift in Sources */,
				D998A35E282F35B90022CD96 /* LikedYouView.swift in Sources */,
				D9076D30283492A2004DB46C /* AboutUsView.swift in Sources */,
				D998A362282F5D320022CD96 /* PurchaseButton.swift in Sources */,
				D9F467192830FB3B00115283 /* SignUpViewModel.swift in Sources */,
				D9C6FEF227FD6EE20002F92D /* HomeView.swift in Sources */,
			);
			runOnlyForDeploymentPostprocessing = 0;
		};
/* End PBXSourcesBuildPhase section */

/* Begin XCBuildConfiguration section */
		D98F999627F93E76002162B6 /* Debug */ = {
			isa = XCBuildConfiguration;
			buildSettings = {
				ALWAYS_SEARCH_USER_PATHS = NO;
				CLANG_ANALYZER_NONNULL = YES;
				CLANG_ANALYZER_NUMBER_OBJECT_CONVERSION = YES_AGGRESSIVE;
				CLANG_CXX_LANGUAGE_STANDARD = "gnu++17";
				CLANG_ENABLE_MODULES = YES;
				CLANG_ENABLE_OBJC_ARC = YES;
				CLANG_ENABLE_OBJC_WEAK = YES;
				CLANG_WARN_BLOCK_CAPTURE_AUTORELEASING = YES;
				CLANG_WARN_BOOL_CONVERSION = YES;
				CLANG_WARN_COMMA = YES;
				CLANG_WARN_CONSTANT_CONVERSION = YES;
				CLANG_WARN_DEPRECATED_OBJC_IMPLEMENTATIONS = YES;
				CLANG_WARN_DIRECT_OBJC_ISA_USAGE = YES_ERROR;
				CLANG_WARN_DOCUMENTATION_COMMENTS = YES;
				CLANG_WARN_EMPTY_BODY = YES;
				CLANG_WARN_ENUM_CONVERSION = YES;
				CLANG_WARN_INFINITE_RECURSION = YES;
				CLANG_WARN_INT_CONVERSION = YES;
				CLANG_WARN_NON_LITERAL_NULL_CONVERSION = YES;
				CLANG_WARN_OBJC_IMPLICIT_RETAIN_SELF = YES;
				CLANG_WARN_OBJC_LITERAL_CONVERSION = YES;
				CLANG_WARN_OBJC_ROOT_CLASS = YES_ERROR;
				CLANG_WARN_QUOTED_INCLUDE_IN_FRAMEWORK_HEADER = YES;
				CLANG_WARN_RANGE_LOOP_ANALYSIS = YES;
				CLANG_WARN_STRICT_PROTOTYPES = YES;
				CLANG_WARN_SUSPICIOUS_MOVE = YES;
				CLANG_WARN_UNGUARDED_AVAILABILITY = YES_AGGRESSIVE;
				CLANG_WARN_UNREACHABLE_CODE = YES;
				CLANG_WARN__DUPLICATE_METHOD_MATCH = YES;
				COPY_PHASE_STRIP = NO;
				DEBUG_INFORMATION_FORMAT = dwarf;
				ENABLE_STRICT_OBJC_MSGSEND = YES;
				ENABLE_TESTABILITY = YES;
				GCC_C_LANGUAGE_STANDARD = gnu11;
				GCC_DYNAMIC_NO_PIC = NO;
				GCC_NO_COMMON_BLOCKS = YES;
				GCC_OPTIMIZATION_LEVEL = 0;
				GCC_PREPROCESSOR_DEFINITIONS = (
					"DEBUG=1",
					"$(inherited)",
				);
				GCC_WARN_64_TO_32_BIT_CONVERSION = YES;
				GCC_WARN_ABOUT_RETURN_TYPE = YES_ERROR;
				GCC_WARN_UNDECLARED_SELECTOR = YES;
				GCC_WARN_UNINITIALIZED_AUTOS = YES_AGGRESSIVE;
				GCC_WARN_UNUSED_FUNCTION = YES;
				GCC_WARN_UNUSED_VARIABLE = YES;
				IPHONEOS_DEPLOYMENT_TARGET = 15.4;
				MTL_ENABLE_DEBUG_INFO = INCLUDE_SOURCE;
				MTL_FAST_MATH = YES;
				ONLY_ACTIVE_ARCH = YES;
				SDKROOT = iphoneos;
				SWIFT_ACTIVE_COMPILATION_CONDITIONS = DEBUG;
				SWIFT_OPTIMIZATION_LEVEL = "-Onone";
			};
			name = Debug;
		};
		D98F999727F93E76002162B6 /* Release */ = {
			isa = XCBuildConfiguration;
			buildSettings = {
				ALWAYS_SEARCH_USER_PATHS = NO;
				CLANG_ANALYZER_NONNULL = YES;
				CLANG_ANALYZER_NUMBER_OBJECT_CONVERSION = YES_AGGRESSIVE;
				CLANG_CXX_LANGUAGE_STANDARD = "gnu++17";
				CLANG_ENABLE_MODULES = YES;
				CLANG_ENABLE_OBJC_ARC = YES;
				CLANG_ENABLE_OBJC_WEAK = YES;
				CLANG_WARN_BLOCK_CAPTURE_AUTORELEASING = YES;
				CLANG_WARN_BOOL_CONVERSION = YES;
				CLANG_WARN_COMMA = YES;
				CLANG_WARN_CONSTANT_CONVERSION = YES;
				CLANG_WARN_DEPRECATED_OBJC_IMPLEMENTATIONS = YES;
				CLANG_WARN_DIRECT_OBJC_ISA_USAGE = YES_ERROR;
				CLANG_WARN_DOCUMENTATION_COMMENTS = YES;
				CLANG_WARN_EMPTY_BODY = YES;
				CLANG_WARN_ENUM_CONVERSION = YES;
				CLANG_WARN_INFINITE_RECURSION = YES;
				CLANG_WARN_INT_CONVERSION = YES;
				CLANG_WARN_NON_LITERAL_NULL_CONVERSION = YES;
				CLANG_WARN_OBJC_IMPLICIT_RETAIN_SELF = YES;
				CLANG_WARN_OBJC_LITERAL_CONVERSION = YES;
				CLANG_WARN_OBJC_ROOT_CLASS = YES_ERROR;
				CLANG_WARN_QUOTED_INCLUDE_IN_FRAMEWORK_HEADER = YES;
				CLANG_WARN_RANGE_LOOP_ANALYSIS = YES;
				CLANG_WARN_STRICT_PROTOTYPES = YES;
				CLANG_WARN_SUSPICIOUS_MOVE = YES;
				CLANG_WARN_UNGUARDED_AVAILABILITY = YES_AGGRESSIVE;
				CLANG_WARN_UNREACHABLE_CODE = YES;
				CLANG_WARN__DUPLICATE_METHOD_MATCH = YES;
				COPY_PHASE_STRIP = NO;
				DEBUG_INFORMATION_FORMAT = "dwarf-with-dsym";
				ENABLE_NS_ASSERTIONS = NO;
				ENABLE_STRICT_OBJC_MSGSEND = YES;
				GCC_C_LANGUAGE_STANDARD = gnu11;
				GCC_NO_COMMON_BLOCKS = YES;
				GCC_WARN_64_TO_32_BIT_CONVERSION = YES;
				GCC_WARN_ABOUT_RETURN_TYPE = YES_ERROR;
				GCC_WARN_UNDECLARED_SELECTOR = YES;
				GCC_WARN_UNINITIALIZED_AUTOS = YES_AGGRESSIVE;
				GCC_WARN_UNUSED_FUNCTION = YES;
				GCC_WARN_UNUSED_VARIABLE = YES;
				IPHONEOS_DEPLOYMENT_TARGET = 15.4;
				MTL_ENABLE_DEBUG_INFO = NO;
				MTL_FAST_MATH = YES;
				SDKROOT = iphoneos;
				SWIFT_COMPILATION_MODE = wholemodule;
				SWIFT_OPTIMIZATION_LEVEL = "-O";
				VALIDATE_PRODUCT = YES;
			};
			name = Release;
		};
		D98F999927F93E76002162B6 /* Debug */ = {
			isa = XCBuildConfiguration;
			buildSettings = {
				ASSETCATALOG_COMPILER_APPICON_NAME = AppIcon;
				ASSETCATALOG_COMPILER_GLOBAL_ACCENT_COLOR_NAME = AccentColor;
				CODE_SIGN_STYLE = Automatic;
				CURRENT_PROJECT_VERSION = 1;
				DEVELOPMENT_ASSET_PATHS = "\"Dating_App/Preview Content\"";
				DEVELOPMENT_TEAM = S5UQWNYJJ2;
				ENABLE_PREVIEWS = YES;
				GENERATE_INFOPLIST_FILE = YES;
				INFOPLIST_KEY_NSLocationWhenInUseUsageDescription = "We need your location to find your matches";
				INFOPLIST_KEY_UIApplicationSceneManifest_Generation = YES;
				INFOPLIST_KEY_UIApplicationSupportsIndirectInputEvents = YES;
				INFOPLIST_KEY_UILaunchScreen_Generation = YES;
				INFOPLIST_KEY_UILaunchStoryboardName = LaunchScreen;
				INFOPLIST_KEY_UISupportedInterfaceOrientations_iPad = "UIInterfaceOrientationPortrait UIInterfaceOrientationPortraitUpsideDown UIInterfaceOrientationLandscapeLeft UIInterfaceOrientationLandscapeRight";
				INFOPLIST_KEY_UISupportedInterfaceOrientations_iPhone = "UIInterfaceOrientationPortrait UIInterfaceOrientationLandscapeLeft UIInterfaceOrientationLandscapeRight";
				LD_RUNPATH_SEARCH_PATHS = (
					"$(inherited)",
					"@executable_path/Frameworks",
				);
				MARKETING_VERSION = 1.0;
				PRODUCT_BUNDLE_IDENTIFIER = "com.RobynChau.Dating-App";
				PRODUCT_NAME = Dating_App;
				SWIFT_EMIT_LOC_STRINGS = YES;
				SWIFT_VERSION = 5.0;
				TARGETED_DEVICE_FAMILY = "1,2";
			};
			name = Debug;
		};
		D98F999A27F93E76002162B6 /* Release */ = {
			isa = XCBuildConfiguration;
			buildSettings = {
				ASSETCATALOG_COMPILER_APPICON_NAME = AppIcon;
				ASSETCATALOG_COMPILER_GLOBAL_ACCENT_COLOR_NAME = AccentColor;
				CODE_SIGN_STYLE = Automatic;
				CURRENT_PROJECT_VERSION = 1;
				DEVELOPMENT_ASSET_PATHS = "\"Dating_App/Preview Content\"";
				DEVELOPMENT_TEAM = S5UQWNYJJ2;
				ENABLE_PREVIEWS = YES;
				GENERATE_INFOPLIST_FILE = YES;
				INFOPLIST_KEY_NSLocationWhenInUseUsageDescription = "We need your location to find your matches";
				INFOPLIST_KEY_UIApplicationSceneManifest_Generation = YES;
				INFOPLIST_KEY_UIApplicationSupportsIndirectInputEvents = YES;
				INFOPLIST_KEY_UILaunchScreen_Generation = YES;
				INFOPLIST_KEY_UILaunchStoryboardName = LaunchScreen;
				INFOPLIST_KEY_UISupportedInterfaceOrientations_iPad = "UIInterfaceOrientationPortrait UIInterfaceOrientationPortraitUpsideDown UIInterfaceOrientationLandscapeLeft UIInterfaceOrientationLandscapeRight";
				INFOPLIST_KEY_UISupportedInterfaceOrientations_iPhone = "UIInterfaceOrientationPortrait UIInterfaceOrientationLandscapeLeft UIInterfaceOrientationLandscapeRight";
				LD_RUNPATH_SEARCH_PATHS = (
					"$(inherited)",
					"@executable_path/Frameworks",
				);
				MARKETING_VERSION = 1.0;
				PRODUCT_BUNDLE_IDENTIFIER = "com.RobynChau.Dating-App";
				PRODUCT_NAME = Dating_App;
				SWIFT_EMIT_LOC_STRINGS = YES;
				SWIFT_VERSION = 5.0;
				TARGETED_DEVICE_FAMILY = "1,2";
			};
			name = Release;
		};
/* End XCBuildConfiguration section */

/* Begin XCConfigurationList section */
		D98F998527F93E74002162B6 /* Build configuration list for PBXProject "Dating_App" */ = {
			isa = XCConfigurationList;
			buildConfigurations = (
				D98F999627F93E76002162B6 /* Debug */,
				D98F999727F93E76002162B6 /* Release */,
			);
			defaultConfigurationIsVisible = 0;
			defaultConfigurationName = Release;
		};
		D98F999827F93E76002162B6 /* Build configuration list for PBXNativeTarget "Dating_App" */ = {
			isa = XCConfigurationList;
			buildConfigurations = (
				D98F999927F93E76002162B6 /* Debug */,
				D98F999A27F93E76002162B6 /* Release */,
			);
			defaultConfigurationIsVisible = 0;
			defaultConfigurationName = Release;
		};
/* End XCConfigurationList section */

/* Begin XCRemoteSwiftPackageReference section */
		D992CAF928068F9D008DB49A /* XCRemoteSwiftPackageReference "firebase-ios-sdk" */ = {
			isa = XCRemoteSwiftPackageReference;
			repositoryURL = "https://github.com/firebase/firebase-ios-sdk.git";
			requirement = {
				kind = upToNextMajorVersion;
				minimumVersion = 8.0.0;
			};
		};
/* End XCRemoteSwiftPackageReference section */

/* Begin XCSwiftPackageProductDependency section */
		D992CAFA28068F9D008DB49A /* FirebaseAuth */ = {
			isa = XCSwiftPackageProductDependency;
			package = D992CAF928068F9D008DB49A /* XCRemoteSwiftPackageReference "firebase-ios-sdk" */;
			productName = FirebaseAuth;
		};
		D992CAFC28068F9D008DB49A /* FirebaseDatabase */ = {
			isa = XCSwiftPackageProductDependency;
			package = D992CAF928068F9D008DB49A /* XCRemoteSwiftPackageReference "firebase-ios-sdk" */;
			productName = FirebaseDatabase;
		};
		D992CAFE28068F9D008DB49A /* FirebaseDatabaseSwift-Beta */ = {
			isa = XCSwiftPackageProductDependency;
			package = D992CAF928068F9D008DB49A /* XCRemoteSwiftPackageReference "firebase-ios-sdk" */;
			productName = "FirebaseDatabaseSwift-Beta";
		};
		D992CB0028068F9D008DB49A /* FirebaseFirestore */ = {
			isa = XCSwiftPackageProductDependency;
			package = D992CAF928068F9D008DB49A /* XCRemoteSwiftPackageReference "firebase-ios-sdk" */;
			productName = FirebaseFirestore;
		};
		D992CB0228068F9D008DB49A /* FirebaseFirestoreSwift-Beta */ = {
			isa = XCSwiftPackageProductDependency;
			package = D992CAF928068F9D008DB49A /* XCRemoteSwiftPackageReference "firebase-ios-sdk" */;
			productName = "FirebaseFirestoreSwift-Beta";
		};
		D992CB0428068F9D008DB49A /* FirebaseStorage */ = {
			isa = XCSwiftPackageProductDependency;
			package = D992CAF928068F9D008DB49A /* XCRemoteSwiftPackageReference "firebase-ios-sdk" */;
			productName = FirebaseStorage;
		};
		D992CB0628068F9D008DB49A /* FirebaseStorageSwift-Beta */ = {
			isa = XCSwiftPackageProductDependency;
			package = D992CAF928068F9D008DB49A /* XCRemoteSwiftPackageReference "firebase-ios-sdk" */;
			productName = "FirebaseStorageSwift-Beta";
		};
/* End XCSwiftPackageProductDependency section */
	};
	rootObject = D98F998227F93E74002162B6 /* Project object */;
}
